
Microsoft Visual Studio Solution File, Format Version 12.00
Project("{2150E333-8FDC-42A3-9474-1A3956D46DE8}") = "(Solution Items)", "(Solution Items)", "{8635ADB4-678B-4C65-A503-5FDB8B5C2963}"
ProjectSection(SolutionItems) = preProject
	README.md = README.md
	.gitignore = .gitignore
	LICENSE.md = LICENSE.md
EndProjectSection
EndProject
Project("{2150E333-8FDC-42A3-9474-1A3956D46DE8}") = "Shared Code", "Shared Code", "{E71C5698-1F9A-435F-9642-010FFF15CDC0}"
ProjectSection(SolutionItems) = preProject
	Shared\JetBrainsAnnotations.cs = src\JetBrainsAnnotations.cs
	Shared\SharedPreconditions.cs = src\SharedPreconditions.cs
	Directory.Build.props = Directory.Build.props
EndProjectSection
EndProject
Project("{FAE04EC0-301F-11D3-BF4B-00C04F79EFBC}") = "Amazon.Lambda.Hosting", "src\Amazon.Lambda.Hosting\Amazon.Lambda.Hosting.csproj", "{BD80C273-761E-42D7-AB6C-43B17EC21C20}"
EndProject
Project("{FAE04EC0-301F-11D3-BF4B-00C04F79EFBC}") = "Amazon.Lambda.Hosting.Example", "examples\Amazon.Lambda.Hosting.Example\Amazon.Lambda.Hosting.Example.csproj", "{B5CB6C08-B752-437F-AE9D-CDA6F77589AA}"
EndProject
Project("{2150E333-8FDC-42A3-9474-1A3956D46DE8}") = "Example", "Example", "{35BA3CF1-9674-4781-9133-271CB59A5023}"
EndProject
Project("{2150E333-8FDC-42A3-9474-1A3956D46DE8}") = "Tests", "Tests", "{5D06B973-72EA-4DB5-99D5-36D849ECCFF9}"
ProjectSection(SolutionItems) = preProject
	tests\Directory.Build.props = tests\Directory.Build.props
EndProjectSection
EndProject
Project("{FAE04EC0-301F-11D3-BF4B-00C04F79EFBC}") = "Amazon.Lambda.Hosting.Tests", "tests\Amazon.Lambda.Hosting.Tests\Amazon.Lambda.Hosting.Tests.csproj", "{A740E69D-4342-45DF-AF36-EE9342FAAA5A}"
EndProject
Project("{2150E333-8FDC-42A3-9474-1A3956D46DE8}") = "Workflows", "Workflows", "{828E770C-D1FA-4F75-BFC8-F75B1B5F4599}"
ProjectSection(SolutionItems) = preProject
	.github\workflows\build-and-package.yml = .github\workflows\build-and-package.yml
EndProjectSection
EndProject
Global
	GlobalSection(SolutionConfigurationPlatforms) = preSolution
		Debug|Any CPU = Debug|Any CPU
		Release|Any CPU = Release|Any CPU
	EndGlobalSection
	GlobalSection(ProjectConfigurationPlatforms) = postSolution
		{BD80C273-761E-42D7-AB6C-43B17EC21C20}.Debug|Any CPU.ActiveCfg = Debug|Any CPU
		{BD80C273-761E-42D7-AB6C-43B17EC21C20}.Debug|Any CPU.Build.0 = Debug|Any CPU
		{BD80C273-761E-42D7-AB6C-43B17EC21C20}.Release|Any CPU.ActiveCfg = Release|Any CPU
		{BD80C273-761E-42D7-AB6C-43B17EC21C20}.Release|Any CPU.Build.0 = Release|Any CPU
		{B5CB6C08-B752-437F-AE9D-CDA6F77589AA}.Debug|Any CPU.ActiveCfg = Debug|Any CPU
		{B5CB6C08-B752-437F-AE9D-CDA6F77589AA}.Debug|Any CPU.Build.0 = Debug|Any CPU
		{B5CB6C08-B752-437F-AE9D-CDA6F77589AA}.Release|Any CPU.ActiveCfg = Release|Any CPU
		{B5CB6C08-B752-437F-AE9D-CDA6F77589AA}.Release|Any CPU.Build.0 = Release|Any CPU
		{A740E69D-4342-45DF-AF36-EE9342FAAA5A}.Debug|Any CPU.ActiveCfg = Debug|Any CPU
		{A740E69D-4342-45DF-AF36-EE9342FAAA5A}.Debug|Any CPU.Build.0 = Debug|Any CPU
		{A740E69D-4342-45DF-AF36-EE9342FAAA5A}.Release|Any CPU.ActiveCfg = Release|Any CPU
		{A740E69D-4342-45DF-AF36-EE9342FAAA5A}.Release|Any CPU.Build.0 = Release|Any CPU
	EndGlobalSection
	GlobalSection(NestedProjects) = preSolution
		{E71C5698-1F9A-435F-9642-010FFF15CDC0} = {8635ADB4-678B-4C65-A503-5FDB8B5C2963}
		{B5CB6C08-B752-437F-AE9D-CDA6F77589AA} = {35BA3CF1-9674-4781-9133-271CB59A5023}
		{A740E69D-4342-45DF-AF36-EE9342FAAA5A} = {5D06B973-72EA-4DB5-99D5-36D849ECCFF9}
		{828E770C-D1FA-4F75-BFC8-F75B1B5F4599} = {8635ADB4-678B-4C65-A503-5FDB8B5C2963}
	EndGlobalSection
EndGlobal
