
Microsoft Visual Studio Solution File, Format Version 12.00
Project("{2150E333-8FDC-42A3-9474-1A3956D46DE8}") = "(Solution Items)", "(Solution Items)", "{8635ADB4-678B-4C65-A503-5FDB8B5C2963}"
ProjectSection(SolutionItems) = preProject
	README.md = README.md
	.gitignore = .gitignore
	Shared.props = Shared.props
	Tests.props = Tests.props
	LICENSE.md = LICENSE.md
EndProjectSection
EndProject
Project("{2150E333-8FDC-42A3-9474-1A3956D46DE8}") = "Shared Code", "Shared Code", "{E71C5698-1F9A-435F-9642-010FFF15CDC0}"
ProjectSection(SolutionItems) = preProject
	Shared\JetBrainsAnnotations.cs = src\JetBrainsAnnotations.cs
	Shared\SharedPreconditions.cs = src\SharedPreconditions.cs
	tests\SharedTestCase.cs = tests\SharedTestCase.cs
EndProjectSection
EndProject
Project("{FAE04EC0-301F-11D3-BF4B-00C04F79EFBC}") = "Amazon.Lambda.Runtime", "src\Amazon.Lambda.Runtime\Amazon.Lambda.Runtime.csproj", "{BD80C273-761E-42D7-AB6C-43B17EC21C20}"
EndProject
Project("{FAE04EC0-301F-11D3-BF4B-00C04F79EFBC}") = "Amazon.Lambda.Runtime.Example", "examples\Amazon.Lambda.Runtime.Example\Amazon.Lambda.Runtime.Example.csproj", "{B5CB6C08-B752-437F-AE9D-CDA6F77589AA}"
EndProject
Project("{FAE04EC0-301F-11D3-BF4B-00C04F79EFBC}") = "Amazon.Lambda.Runtime.Example.Tests", "examples\Amazon.Lambda.Runtime.Example.Tests\Amazon.Lambda.Runtime.Example.Tests.csproj", "{BF6F2D27-34F4-4CB3-AF69-6E8F53DE3F02}"
EndProject
Project("{FAE04EC0-301F-11D3-BF4B-00C04F79EFBC}") = "Amazon.Lambda.Runtime.S3", "src\Amazon.Lambda.Runtime.S3\Amazon.Lambda.Runtime.S3.csproj", "{87356F62-FEE1-424F-8A0E-A90C696EDF0C}"
EndProject
Project("{FAE04EC0-301F-11D3-BF4B-00C04F79EFBC}") = "Amazon.Lambda.Runtime.Dynamo", "src\Amazon.Lambda.Runtime.Dynamo\Amazon.Lambda.Runtime.Dynamo.csproj", "{2046CCCC-C718-4418-B901-25E68A94A2A6}"
EndProject
Project("{2150E333-8FDC-42A3-9474-1A3956D46DE8}") = "Example", "Example", "{35BA3CF1-9674-4781-9133-271CB59A5023}"
EndProject
Project("{2150E333-8FDC-42A3-9474-1A3956D46DE8}") = "Services", "Services", "{08FD12B7-6CFA-4AB0-BDBB-6574915724A3}"
EndProject
Project("{FAE04EC0-301F-11D3-BF4B-00C04F79EFBC}") = "Amazon.Lambda.Runtime.Console", "src\Amazon.Lambda.Runtime.Console\Amazon.Lambda.Runtime.Console.csproj", "{E860769B-E65D-4D7A-8AAE-5B006BDABBE5}"
EndProject
Project("{FAE04EC0-301F-11D3-BF4B-00C04F79EFBC}") = "Amazon.Lambda.Runtime.Example.ServiceStack", "examples\Amazon.Lambda.Runtime.Example.ServiceStack\Amazon.Lambda.Runtime.Example.ServiceStack.csproj", "{7CAA0BAC-2309-44E5-9062-1810EF4B0794}"
EndProject
Project("{FAE04EC0-301F-11D3-BF4B-00C04F79EFBC}") = "Amazon.Lambda.Runtime.SNS", "src\Amazon.Lambda.Runtime.SNS\Amazon.Lambda.Runtime.SNS.csproj", "{02DB5944-B137-4692-90AA-02756463022C}"
EndProject
Project("{FAE04EC0-301F-11D3-BF4B-00C04F79EFBC}") = "Amazon.Lambda.Runtime.ElastiCache", "src\Amazon.Lambda.Runtime.ElastiCache\Amazon.Lambda.Runtime.ElastiCache.csproj", "{844D9F4A-0BC4-4AD9-BEEA-C2319A79BC8F}"
EndProject
Project("{FAE04EC0-301F-11D3-BF4B-00C04F79EFBC}") = "Amazon.Lambda.Runtime.SQS", "src\Amazon.Lambda.Runtime.SQS\Amazon.Lambda.Runtime.SQS.csproj", "{96A871F1-EED2-4A72-965F-06F912C1D639}"
EndProject
Project("{FAE04EC0-301F-11D3-BF4B-00C04F79EFBC}") = "Amazon.Lambda.Runtime.Lambda", "src\Amazon.Lambda.Runtime.Lambda\Amazon.Lambda.Runtime.Lambda.csproj", "{1B3008D4-748D-4062-A160-0DA7DB86D374}"
EndProject
Project("{2150E333-8FDC-42A3-9474-1A3956D46DE8}") = "Tests", "Tests", "{5D06B973-72EA-4DB5-99D5-36D849ECCFF9}"
EndProject
Project("{FAE04EC0-301F-11D3-BF4B-00C04F79EFBC}") = "Amazon.Lambda.Runtime.Tests", "tests\Amazon.Lambda.Runtime.Tests\Amazon.Lambda.Runtime.Tests.csproj", "{A740E69D-4342-45DF-AF36-EE9342FAAA5A}"
EndProject
Project("{FAE04EC0-301F-11D3-BF4B-00C04F79EFBC}") = "Amazon.Lambda.Runtime.Benchmarks", "tests\Amazon.Lambda.Runtime.Benchmarks\Amazon.Lambda.Runtime.Benchmarks.csproj", "{30754DF1-8C8E-474C-B5EB-0FB961CC8F42}"
EndProject
Project("{FAE04EC0-301F-11D3-BF4B-00C04F79EFBC}") = "Amazon.Lambda.Runtime.StepFunctions", "src\Amazon.Lambda.Runtime.StepFunctions\Amazon.Lambda.Runtime.StepFunctions.csproj", "{B62CEE64-6C42-4AB7-A423-CA2B24014B19}"
EndProject
Project("{FAE04EC0-301F-11D3-BF4B-00C04F79EFBC}") = "Amazon.Lambda.Runtime.SSM", "src\Amazon.Lambda.Runtime.SSM\Amazon.Lambda.Runtime.SSM.csproj", "{85D2BA4D-32C3-436E-B220-4C97BFD02B74}"
EndProject
Global
	GlobalSection(SolutionConfigurationPlatforms) = preSolution
		Debug|Any CPU = Debug|Any CPU
		Release|Any CPU = Release|Any CPU
	EndGlobalSection
	GlobalSection(ProjectConfigurationPlatforms) = postSolution
		{BD80C273-761E-42D7-AB6C-43B17EC21C20}.Debug|Any CPU.ActiveCfg = Debug|Any CPU
		{BD80C273-761E-42D7-AB6C-43B17EC21C20}.Debug|Any CPU.Build.0 = Debug|Any CPU
		{BD80C273-761E-42D7-AB6C-43B17EC21C20}.Release|Any CPU.ActiveCfg = Release|Any CPU
		{BD80C273-761E-42D7-AB6C-43B17EC21C20}.Release|Any CPU.Build.0 = Release|Any CPU
		{B5CB6C08-B752-437F-AE9D-CDA6F77589AA}.Debug|Any CPU.ActiveCfg = Debug|Any CPU
		{B5CB6C08-B752-437F-AE9D-CDA6F77589AA}.Debug|Any CPU.Build.0 = Debug|Any CPU
		{B5CB6C08-B752-437F-AE9D-CDA6F77589AA}.Release|Any CPU.ActiveCfg = Release|Any CPU
		{B5CB6C08-B752-437F-AE9D-CDA6F77589AA}.Release|Any CPU.Build.0 = Release|Any CPU
		{BF6F2D27-34F4-4CB3-AF69-6E8F53DE3F02}.Debug|Any CPU.ActiveCfg = Debug|Any CPU
		{BF6F2D27-34F4-4CB3-AF69-6E8F53DE3F02}.Debug|Any CPU.Build.0 = Debug|Any CPU
		{BF6F2D27-34F4-4CB3-AF69-6E8F53DE3F02}.Release|Any CPU.ActiveCfg = Release|Any CPU
		{BF6F2D27-34F4-4CB3-AF69-6E8F53DE3F02}.Release|Any CPU.Build.0 = Release|Any CPU
		{87356F62-FEE1-424F-8A0E-A90C696EDF0C}.Debug|Any CPU.ActiveCfg = Debug|Any CPU
		{87356F62-FEE1-424F-8A0E-A90C696EDF0C}.Debug|Any CPU.Build.0 = Debug|Any CPU
		{87356F62-FEE1-424F-8A0E-A90C696EDF0C}.Release|Any CPU.ActiveCfg = Release|Any CPU
		{87356F62-FEE1-424F-8A0E-A90C696EDF0C}.Release|Any CPU.Build.0 = Release|Any CPU
		{2046CCCC-C718-4418-B901-25E68A94A2A6}.Debug|Any CPU.ActiveCfg = Debug|Any CPU
		{2046CCCC-C718-4418-B901-25E68A94A2A6}.Debug|Any CPU.Build.0 = Debug|Any CPU
		{2046CCCC-C718-4418-B901-25E68A94A2A6}.Release|Any CPU.ActiveCfg = Release|Any CPU
		{2046CCCC-C718-4418-B901-25E68A94A2A6}.Release|Any CPU.Build.0 = Release|Any CPU
		{E860769B-E65D-4D7A-8AAE-5B006BDABBE5}.Debug|Any CPU.ActiveCfg = Debug|Any CPU
		{E860769B-E65D-4D7A-8AAE-5B006BDABBE5}.Debug|Any CPU.Build.0 = Debug|Any CPU
		{E860769B-E65D-4D7A-8AAE-5B006BDABBE5}.Release|Any CPU.ActiveCfg = Release|Any CPU
		{E860769B-E65D-4D7A-8AAE-5B006BDABBE5}.Release|Any CPU.Build.0 = Release|Any CPU
		{7CAA0BAC-2309-44E5-9062-1810EF4B0794}.Debug|Any CPU.ActiveCfg = Debug|Any CPU
		{7CAA0BAC-2309-44E5-9062-1810EF4B0794}.Debug|Any CPU.Build.0 = Debug|Any CPU
		{7CAA0BAC-2309-44E5-9062-1810EF4B0794}.Release|Any CPU.ActiveCfg = Release|Any CPU
		{7CAA0BAC-2309-44E5-9062-1810EF4B0794}.Release|Any CPU.Build.0 = Release|Any CPU
		{02DB5944-B137-4692-90AA-02756463022C}.Debug|Any CPU.ActiveCfg = Debug|Any CPU
		{02DB5944-B137-4692-90AA-02756463022C}.Debug|Any CPU.Build.0 = Debug|Any CPU
		{02DB5944-B137-4692-90AA-02756463022C}.Release|Any CPU.ActiveCfg = Release|Any CPU
		{02DB5944-B137-4692-90AA-02756463022C}.Release|Any CPU.Build.0 = Release|Any CPU
		{844D9F4A-0BC4-4AD9-BEEA-C2319A79BC8F}.Debug|Any CPU.ActiveCfg = Debug|Any CPU
		{844D9F4A-0BC4-4AD9-BEEA-C2319A79BC8F}.Debug|Any CPU.Build.0 = Debug|Any CPU
		{844D9F4A-0BC4-4AD9-BEEA-C2319A79BC8F}.Release|Any CPU.ActiveCfg = Release|Any CPU
		{844D9F4A-0BC4-4AD9-BEEA-C2319A79BC8F}.Release|Any CPU.Build.0 = Release|Any CPU
		{96A871F1-EED2-4A72-965F-06F912C1D639}.Debug|Any CPU.ActiveCfg = Debug|Any CPU
		{96A871F1-EED2-4A72-965F-06F912C1D639}.Debug|Any CPU.Build.0 = Debug|Any CPU
		{96A871F1-EED2-4A72-965F-06F912C1D639}.Release|Any CPU.ActiveCfg = Release|Any CPU
		{96A871F1-EED2-4A72-965F-06F912C1D639}.Release|Any CPU.Build.0 = Release|Any CPU
		{1B3008D4-748D-4062-A160-0DA7DB86D374}.Debug|Any CPU.ActiveCfg = Debug|Any CPU
		{1B3008D4-748D-4062-A160-0DA7DB86D374}.Debug|Any CPU.Build.0 = Debug|Any CPU
		{1B3008D4-748D-4062-A160-0DA7DB86D374}.Release|Any CPU.ActiveCfg = Release|Any CPU
		{1B3008D4-748D-4062-A160-0DA7DB86D374}.Release|Any CPU.Build.0 = Release|Any CPU
		{A740E69D-4342-45DF-AF36-EE9342FAAA5A}.Debug|Any CPU.ActiveCfg = Debug|Any CPU
		{A740E69D-4342-45DF-AF36-EE9342FAAA5A}.Debug|Any CPU.Build.0 = Debug|Any CPU
		{A740E69D-4342-45DF-AF36-EE9342FAAA5A}.Release|Any CPU.ActiveCfg = Release|Any CPU
		{A740E69D-4342-45DF-AF36-EE9342FAAA5A}.Release|Any CPU.Build.0 = Release|Any CPU
		{30754DF1-8C8E-474C-B5EB-0FB961CC8F42}.Debug|Any CPU.ActiveCfg = Debug|Any CPU
		{30754DF1-8C8E-474C-B5EB-0FB961CC8F42}.Debug|Any CPU.Build.0 = Debug|Any CPU
		{30754DF1-8C8E-474C-B5EB-0FB961CC8F42}.Release|Any CPU.ActiveCfg = Release|Any CPU
		{30754DF1-8C8E-474C-B5EB-0FB961CC8F42}.Release|Any CPU.Build.0 = Release|Any CPU
		{B62CEE64-6C42-4AB7-A423-CA2B24014B19}.Debug|Any CPU.ActiveCfg = Debug|Any CPU
		{B62CEE64-6C42-4AB7-A423-CA2B24014B19}.Debug|Any CPU.Build.0 = Debug|Any CPU
		{B62CEE64-6C42-4AB7-A423-CA2B24014B19}.Release|Any CPU.ActiveCfg = Release|Any CPU
		{B62CEE64-6C42-4AB7-A423-CA2B24014B19}.Release|Any CPU.Build.0 = Release|Any CPU
		{85D2BA4D-32C3-436E-B220-4C97BFD02B74}.Debug|Any CPU.ActiveCfg = Debug|Any CPU
		{85D2BA4D-32C3-436E-B220-4C97BFD02B74}.Debug|Any CPU.Build.0 = Debug|Any CPU
		{85D2BA4D-32C3-436E-B220-4C97BFD02B74}.Release|Any CPU.ActiveCfg = Release|Any CPU
		{85D2BA4D-32C3-436E-B220-4C97BFD02B74}.Release|Any CPU.Build.0 = Release|Any CPU
	EndGlobalSection
	GlobalSection(NestedProjects) = preSolution
		{E71C5698-1F9A-435F-9642-010FFF15CDC0} = {8635ADB4-678B-4C65-A503-5FDB8B5C2963}
		{BF6F2D27-34F4-4CB3-AF69-6E8F53DE3F02} = {35BA3CF1-9674-4781-9133-271CB59A5023}
		{B5CB6C08-B752-437F-AE9D-CDA6F77589AA} = {35BA3CF1-9674-4781-9133-271CB59A5023}
		{2046CCCC-C718-4418-B901-25E68A94A2A6} = {08FD12B7-6CFA-4AB0-BDBB-6574915724A3}
		{87356F62-FEE1-424F-8A0E-A90C696EDF0C} = {08FD12B7-6CFA-4AB0-BDBB-6574915724A3}
		{7CAA0BAC-2309-44E5-9062-1810EF4B0794} = {35BA3CF1-9674-4781-9133-271CB59A5023}
		{02DB5944-B137-4692-90AA-02756463022C} = {08FD12B7-6CFA-4AB0-BDBB-6574915724A3}
		{844D9F4A-0BC4-4AD9-BEEA-C2319A79BC8F} = {08FD12B7-6CFA-4AB0-BDBB-6574915724A3}
		{96A871F1-EED2-4A72-965F-06F912C1D639} = {08FD12B7-6CFA-4AB0-BDBB-6574915724A3}
		{1B3008D4-748D-4062-A160-0DA7DB86D374} = {08FD12B7-6CFA-4AB0-BDBB-6574915724A3}
		{A740E69D-4342-45DF-AF36-EE9342FAAA5A} = {5D06B973-72EA-4DB5-99D5-36D849ECCFF9}
		{30754DF1-8C8E-474C-B5EB-0FB961CC8F42} = {5D06B973-72EA-4DB5-99D5-36D849ECCFF9}
		{B62CEE64-6C42-4AB7-A423-CA2B24014B19} = {08FD12B7-6CFA-4AB0-BDBB-6574915724A3}
		{85D2BA4D-32C3-436E-B220-4C97BFD02B74} = {08FD12B7-6CFA-4AB0-BDBB-6574915724A3}
	EndGlobalSection
EndGlobal
